
Microsoft Visual Studio Solution File, Format Version 12.00
# Visual Studio Version 17
VisualStudioVersion = 17.3.32922.545
MinimumVisualStudioVersion = 10.0.40219.1
Project("{FAE04EC0-301F-11D3-BF4B-00C04F79EFBC}") = "App1", "App1\App1.csproj", "{642A2FB2-E188-41B0-9D56-F7AF8D7FC546}"
EndProject
Global
	GlobalSection(SolutionConfigurationPlatforms) = preSolution
		Debug|Any CPU = Debug|Any CPU
		Release|Any CPU = Release|Any CPU
	EndGlobalSection
	GlobalSection(ProjectConfigurationPlatforms) = postSolution
		{642A2FB2-E188-41B0-9D56-F7AF8D7FC546}.Debug|Any CPU.ActiveCfg = Debug|Any CPU
		{642A2FB2-E188-41B0-9D56-F7AF8D7FC546}.Debug|Any CPU.Build.0 = Debug|Any CPU
		{642A2FB2-E188-41B0-9D56-F7AF8D7FC546}.Release|Any CPU.ActiveCfg = Release|Any CPU
		{642A2FB2-E188-41B0-9D56-F7AF8D7FC546}.Release|Any CPU.Build.0 = Release|Any CPU
	EndGlobalSection
	GlobalSection(SolutionProperties) = preSolution
		HideSolutionNode = FALSE
	EndGlobalSection
	GlobalSection(ExtensibilityGlobals) = postSolution
		SolutionGuid = {8F9426CF-516F-4581-B53E-13027B2CB75E}
	EndGlobalSection
EndGlobal
